
Microsoft Visual Studio Solution File, Format Version 12.00
Project("{FAE04EC0-301F-11D3-BF4B-00C04F79EFBC}") = "api", "api\api.csproj", "{9F10C8EE-FE96-400B-9224-FFD9B201B0E3}"
EndProject
Project("{FAE04EC0-301F-11D3-BF4B-00C04F79EFBC}") = "Plugin", "Plugin\Plugin.csproj", "{B0F4D073-4DED-4F65-8C63-BD3BDCE48F4D}"
EndProject
Project("{FAE04EC0-301F-11D3-BF4B-00C04F79EFBC}") = "Interfaces", "Interfaces\Interfaces.csproj", "{2E805CF1-7B54-4054-80EE-86F73E24FE4A}"
EndProject
Project("{FAE04EC0-301F-11D3-BF4B-00C04F79EFBC}") = "Plugin2", "Plugin2\Plugin2.csproj", "{B15C6542-8CC2-42A8-BC7F-58D9ED2F2F9F}"
EndProject
Project("{FAE04EC0-301F-11D3-BF4B-00C04F79EFBC}") = "HDFS_Plugin", "HDFS_Plugin\HDFS_Plugin.csproj", "{9B70C8BC-0C7C-4FF6-857C-B90BCCCEBA51}"
EndProject
Project("{FAE04EC0-301F-11D3-BF4B-00C04F79EFBC}") = "KafkaPlugin", "KafkaPlugin\KafkaPlugin.csproj", "{98D45802-DB8E-4D5C-B752-31272F0094DC}"
EndProject
Project("{FAE04EC0-301F-11D3-BF4B-00C04F79EFBC}") = "RedisPlugin", "RedisPlugin\RedisPlugin.csproj", "{0F05AE62-E6D3-42C8-B85F-34D4EF35BA37}"
EndProject
Project("{FAE04EC0-301F-11D3-BF4B-00C04F79EFBC}") = "DatabasePlugin", "DatabasePlugin\DatabasePlugin.csproj", "{35D19C63-A852-40E0-9EFC-58D1E6AA5314}"
EndProject
Project("{FAE04EC0-301F-11D3-BF4B-00C04F79EFBC}") = "Common", "Common\Common.csproj", "{ABC15972-00F5-40A4-9301-38DDF59E8E97}"
EndProject
Project("{FAE04EC0-301F-11D3-BF4B-00C04F79EFBC}") = "QueryPlugin", "QueryPlugin\QueryPlugin.csproj", "{3B661B61-08E6-4C12-900B-0CC75D4D7D4E}"
EndProject
Global
	GlobalSection(SolutionConfigurationPlatforms) = preSolution
		Debug|Any CPU = Debug|Any CPU
		Release|Any CPU = Release|Any CPU
	EndGlobalSection
	GlobalSection(ProjectConfigurationPlatforms) = postSolution
		{9F10C8EE-FE96-400B-9224-FFD9B201B0E3}.Debug|Any CPU.ActiveCfg = Debug|Any CPU
		{9F10C8EE-FE96-400B-9224-FFD9B201B0E3}.Debug|Any CPU.Build.0 = Debug|Any CPU
		{9F10C8EE-FE96-400B-9224-FFD9B201B0E3}.Release|Any CPU.ActiveCfg = Release|Any CPU
		{9F10C8EE-FE96-400B-9224-FFD9B201B0E3}.Release|Any CPU.Build.0 = Release|Any CPU
		{B0F4D073-4DED-4F65-8C63-BD3BDCE48F4D}.Debug|Any CPU.ActiveCfg = Debug|Any CPU
		{B0F4D073-4DED-4F65-8C63-BD3BDCE48F4D}.Debug|Any CPU.Build.0 = Debug|Any CPU
		{B0F4D073-4DED-4F65-8C63-BD3BDCE48F4D}.Release|Any CPU.ActiveCfg = Release|Any CPU
		{B0F4D073-4DED-4F65-8C63-BD3BDCE48F4D}.Release|Any CPU.Build.0 = Release|Any CPU
		{2E805CF1-7B54-4054-80EE-86F73E24FE4A}.Debug|Any CPU.ActiveCfg = Debug|Any CPU
		{2E805CF1-7B54-4054-80EE-86F73E24FE4A}.Debug|Any CPU.Build.0 = Debug|Any CPU
		{2E805CF1-7B54-4054-80EE-86F73E24FE4A}.Release|Any CPU.ActiveCfg = Release|Any CPU
		{2E805CF1-7B54-4054-80EE-86F73E24FE4A}.Release|Any CPU.Build.0 = Release|Any CPU
		{B15C6542-8CC2-42A8-BC7F-58D9ED2F2F9F}.Debug|Any CPU.ActiveCfg = Debug|Any CPU
		{B15C6542-8CC2-42A8-BC7F-58D9ED2F2F9F}.Debug|Any CPU.Build.0 = Debug|Any CPU
		{B15C6542-8CC2-42A8-BC7F-58D9ED2F2F9F}.Release|Any CPU.ActiveCfg = Release|Any CPU
		{B15C6542-8CC2-42A8-BC7F-58D9ED2F2F9F}.Release|Any CPU.Build.0 = Release|Any CPU
		{9B70C8BC-0C7C-4FF6-857C-B90BCCCEBA51}.Debug|Any CPU.ActiveCfg = Debug|Any CPU
		{9B70C8BC-0C7C-4FF6-857C-B90BCCCEBA51}.Debug|Any CPU.Build.0 = Debug|Any CPU
		{9B70C8BC-0C7C-4FF6-857C-B90BCCCEBA51}.Release|Any CPU.ActiveCfg = Release|Any CPU
		{9B70C8BC-0C7C-4FF6-857C-B90BCCCEBA51}.Release|Any CPU.Build.0 = Release|Any CPU
		{98D45802-DB8E-4D5C-B752-31272F0094DC}.Debug|Any CPU.ActiveCfg = Debug|Any CPU
		{98D45802-DB8E-4D5C-B752-31272F0094DC}.Debug|Any CPU.Build.0 = Debug|Any CPU
		{98D45802-DB8E-4D5C-B752-31272F0094DC}.Release|Any CPU.ActiveCfg = Release|Any CPU
		{98D45802-DB8E-4D5C-B752-31272F0094DC}.Release|Any CPU.Build.0 = Release|Any CPU
		{0F05AE62-E6D3-42C8-B85F-34D4EF35BA37}.Debug|Any CPU.ActiveCfg = Debug|Any CPU
		{0F05AE62-E6D3-42C8-B85F-34D4EF35BA37}.Debug|Any CPU.Build.0 = Debug|Any CPU
		{0F05AE62-E6D3-42C8-B85F-34D4EF35BA37}.Release|Any CPU.ActiveCfg = Release|Any CPU
		{0F05AE62-E6D3-42C8-B85F-34D4EF35BA37}.Release|Any CPU.Build.0 = Release|Any CPU
		{35D19C63-A852-40E0-9EFC-58D1E6AA5314}.Debug|Any CPU.ActiveCfg = Debug|Any CPU
		{35D19C63-A852-40E0-9EFC-58D1E6AA5314}.Debug|Any CPU.Build.0 = Debug|Any CPU
		{35D19C63-A852-40E0-9EFC-58D1E6AA5314}.Release|Any CPU.ActiveCfg = Release|Any CPU
		{35D19C63-A852-40E0-9EFC-58D1E6AA5314}.Release|Any CPU.Build.0 = Release|Any CPU
		{ABC15972-00F5-40A4-9301-38DDF59E8E97}.Debug|Any CPU.ActiveCfg = Debug|Any CPU
		{ABC15972-00F5-40A4-9301-38DDF59E8E97}.Debug|Any CPU.Build.0 = Debug|Any CPU
		{ABC15972-00F5-40A4-9301-38DDF59E8E97}.Release|Any CPU.ActiveCfg = Release|Any CPU
		{ABC15972-00F5-40A4-9301-38DDF59E8E97}.Release|Any CPU.Build.0 = Release|Any CPU
		{3B661B61-08E6-4C12-900B-0CC75D4D7D4E}.Debug|Any CPU.ActiveCfg = Debug|Any CPU
		{3B661B61-08E6-4C12-900B-0CC75D4D7D4E}.Debug|Any CPU.Build.0 = Debug|Any CPU
		{3B661B61-08E6-4C12-900B-0CC75D4D7D4E}.Release|Any CPU.ActiveCfg = Release|Any CPU
		{3B661B61-08E6-4C12-900B-0CC75D4D7D4E}.Release|Any CPU.Build.0 = Release|Any CPU
	EndGlobalSection
EndGlobal
